// !$*UTF8*$!
{
	archiveVersion = 1;
	classes = {
	};
	objectVersion = 50;
	objects = {

/* Begin PBXBuildFile section */
		5E3A77A525237E4F00F16AC7 /* DynamicValue.swift in Sources */ = {isa = PBXBuildFile; fileRef = 5E3A77A425237E4F00F16AC7 /* DynamicValue.swift */; };
		5E56D57125224EAD0052E75E /* UserInfoTableViewCell.swift in Sources */ = {isa = PBXBuildFile; fileRef = 5E56D57025224EAD0052E75E /* UserInfoTableViewCell.swift */; };
		5E56D579252250020052E75E /* NetworkHelper.swift in Sources */ = {isa = PBXBuildFile; fileRef = 5E56D578252250020052E75E /* NetworkHelper.swift */; };
		5E56D57E2522500D0052E75E /* Enum.swift in Sources */ = {isa = PBXBuildFile; fileRef = 5E56D57D2522500D0052E75E /* Enum.swift */; };
		5E56D583252252DE0052E75E /* UserDataModel.swift in Sources */ = {isa = PBXBuildFile; fileRef = 5E56D582252252DE0052E75E /* UserDataModel.swift */; };
		5E56D588252252F00052E75E /* UserViewModel.swift in Sources */ = {isa = PBXBuildFile; fileRef = 5E56D587252252F00052E75E /* UserViewModel.swift */; };
		5E56D590252269220052E75E /* AppUtil.swift in Sources */ = {isa = PBXBuildFile; fileRef = 5E56D58F252269220052E75E /* AppUtil.swift */; };
		5E56D5952522722C0052E75E /* StarView.swift in Sources */ = {isa = PBXBuildFile; fileRef = 5E56D5942522722C0052E75E /* StarView.swift */; };
		5E56D59E252281540052E75E /* UserDetailViewController.swift in Sources */ = {isa = PBXBuildFile; fileRef = 5E56D59D252281540052E75E /* UserDetailViewController.swift */; };
		5E7F52BC2523B9570011126D /* UserDataSource.swift in Sources */ = {isa = PBXBuildFile; fileRef = 5E7F52BB2523B9570011126D /* UserDataSource.swift */; };
		5E7F52C42523B99D0011126D /* UserDetailViewModel.swift in Sources */ = {isa = PBXBuildFile; fileRef = 5E7F52C32523B99D0011126D /* UserDetailViewModel.swift */; };
		5E7F52CD2523C8CD0011126D /* UIView+.swift in Sources */ = {isa = PBXBuildFile; fileRef = 5E7F52CC2523C8CD0011126D /* UIView+.swift */; };
		5EDB38F8252206BE00472F65 /* AppDelegate.swift in Sources */ = {isa = PBXBuildFile; fileRef = 5EDB38F7252206BE00472F65 /* AppDelegate.swift */; };
		5EDB38FA252206BE00472F65 /* SceneDelegate.swift in Sources */ = {isa = PBXBuildFile; fileRef = 5EDB38F9252206BE00472F65 /* SceneDelegate.swift */; };
		5EDB38FC252206BE00472F65 /* HomeViewController.swift in Sources */ = {isa = PBXBuildFile; fileRef = 5EDB38FB252206BE00472F65 /* HomeViewController.swift */; };
		5EDB3901252206CA00472F65 /* Assets.xcassets in Resources */ = {isa = PBXBuildFile; fileRef = 5EDB3900252206CA00472F65 /* Assets.xcassets */; };
		5EDB3904252206CA00472F65 /* LaunchScreen.storyboard in Resources */ = {isa = PBXBuildFile; fileRef = 5EDB3902252206CA00472F65 /* LaunchScreen.storyboard */; };
		5EDB390F252206CB00472F65 /* ShaadiDemoAppTests.swift in Sources */ = {isa = PBXBuildFile; fileRef = 5EDB390E252206CB00472F65 /* ShaadiDemoAppTests.swift */; };
		5EDB391A252206CB00472F65 /* ShaadiDemoAppUITests.swift in Sources */ = {isa = PBXBuildFile; fileRef = 5EDB3919252206CB00472F65 /* ShaadiDemoAppUITests.swift */; };
/* End PBXBuildFile section */

/* Begin PBXContainerItemProxy section */
		5EDB390B252206CB00472F65 /* PBXContainerItemProxy */ = {
			isa = PBXContainerItemProxy;
			containerPortal = 5EDB38EC252206BD00472F65 /* Project object */;
			proxyType = 1;
			remoteGlobalIDString = 5EDB38F3252206BE00472F65;
			remoteInfo = ShaadiDemoApp;
		};
		5EDB3916252206CB00472F65 /* PBXContainerItemProxy */ = {
			isa = PBXContainerItemProxy;
			containerPortal = 5EDB38EC252206BD00472F65 /* Project object */;
			proxyType = 1;
			remoteGlobalIDString = 5EDB38F3252206BE00472F65;
			remoteInfo = ShaadiDemoApp;
		};
/* End PBXContainerItemProxy section */

/* Begin PBXFileReference section */
		5E3A77A425237E4F00F16AC7 /* DynamicValue.swift */ = {isa = PBXFileReference; lastKnownFileType = sourcecode.swift; path = DynamicValue.swift; sourceTree = "<group>"; };
		5E56D57025224EAD0052E75E /* UserInfoTableViewCell.swift */ = {isa = PBXFileReference; lastKnownFileType = sourcecode.swift; path = UserInfoTableViewCell.swift; sourceTree = "<group>"; };
		5E56D578252250020052E75E /* NetworkHelper.swift */ = {isa = PBXFileReference; lastKnownFileType = sourcecode.swift; path = NetworkHelper.swift; sourceTree = "<group>"; };
		5E56D57D2522500D0052E75E /* Enum.swift */ = {isa = PBXFileReference; lastKnownFileType = sourcecode.swift; path = Enum.swift; sourceTree = "<group>"; };
		5E56D582252252DE0052E75E /* UserDataModel.swift */ = {isa = PBXFileReference; lastKnownFileType = sourcecode.swift; path = UserDataModel.swift; sourceTree = "<group>"; };
		5E56D587252252F00052E75E /* UserViewModel.swift */ = {isa = PBXFileReference; lastKnownFileType = sourcecode.swift; path = UserViewModel.swift; sourceTree = "<group>"; };
		5E56D58F252269220052E75E /* AppUtil.swift */ = {isa = PBXFileReference; lastKnownFileType = sourcecode.swift; path = AppUtil.swift; sourceTree = "<group>"; };
		5E56D5942522722C0052E75E /* StarView.swift */ = {isa = PBXFileReference; lastKnownFileType = sourcecode.swift; path = StarView.swift; sourceTree = "<group>"; };
		5E56D59D252281540052E75E /* UserDetailViewController.swift */ = {isa = PBXFileReference; lastKnownFileType = sourcecode.swift; path = UserDetailViewController.swift; sourceTree = "<group>"; };
		5E7F52BB2523B9570011126D /* UserDataSource.swift */ = {isa = PBXFileReference; lastKnownFileType = sourcecode.swift; path = UserDataSource.swift; sourceTree = "<group>"; };
		5E7F52C32523B99D0011126D /* UserDetailViewModel.swift */ = {isa = PBXFileReference; lastKnownFileType = sourcecode.swift; path = UserDetailViewModel.swift; sourceTree = "<group>"; };
		5E7F52CC2523C8CD0011126D /* UIView+.swift */ = {isa = PBXFileReference; lastKnownFileType = sourcecode.swift; path = "UIView+.swift"; sourceTree = "<group>"; };
		5EDB38F4252206BE00472F65 /* ShaadiDemoApp.app */ = {isa = PBXFileReference; explicitFileType = wrapper.application; includeInIndex = 0; path = ShaadiDemoApp.app; sourceTree = BUILT_PRODUCTS_DIR; };
		5EDB38F7252206BE00472F65 /* AppDelegate.swift */ = {isa = PBXFileReference; lastKnownFileType = sourcecode.swift; path = AppDelegate.swift; sourceTree = "<group>"; };
		5EDB38F9252206BE00472F65 /* SceneDelegate.swift */ = {isa = PBXFileReference; lastKnownFileType = sourcecode.swift; path = SceneDelegate.swift; sourceTree = "<group>"; };
		5EDB38FB252206BE00472F65 /* HomeViewController.swift */ = {isa = PBXFileReference; lastKnownFileType = sourcecode.swift; path = HomeViewController.swift; sourceTree = "<group>"; };
		5EDB3900252206CA00472F65 /* Assets.xcassets */ = {isa = PBXFileReference; lastKnownFileType = folder.assetcatalog; path = Assets.xcassets; sourceTree = "<group>"; };
		5EDB3903252206CA00472F65 /* Base */ = {isa = PBXFileReference; lastKnownFileType = file.storyboard; name = Base; path = Base.lproj/LaunchScreen.storyboard; sourceTree = "<group>"; };
		5EDB3905252206CA00472F65 /* Info.plist */ = {isa = PBXFileReference; lastKnownFileType = text.plist.xml; path = Info.plist; sourceTree = "<group>"; };
		5EDB390A252206CB00472F65 /* ShaadiDemoAppTests.xctest */ = {isa = PBXFileReference; explicitFileType = wrapper.cfbundle; includeInIndex = 0; path = ShaadiDemoAppTests.xctest; sourceTree = BUILT_PRODUCTS_DIR; };
		5EDB390E252206CB00472F65 /* ShaadiDemoAppTests.swift */ = {isa = PBXFileReference; lastKnownFileType = sourcecode.swift; path = ShaadiDemoAppTests.swift; sourceTree = "<group>"; };
		5EDB3910252206CB00472F65 /* Info.plist */ = {isa = PBXFileReference; lastKnownFileType = text.plist.xml; path = Info.plist; sourceTree = "<group>"; };
		5EDB3915252206CB00472F65 /* ShaadiDemoAppUITests.xctest */ = {isa = PBXFileReference; explicitFileType = wrapper.cfbundle; includeInIndex = 0; path = ShaadiDemoAppUITests.xctest; sourceTree = BUILT_PRODUCTS_DIR; };
		5EDB3919252206CB00472F65 /* ShaadiDemoAppUITests.swift */ = {isa = PBXFileReference; lastKnownFileType = sourcecode.swift; path = ShaadiDemoAppUITests.swift; sourceTree = "<group>"; };
		5EDB391B252206CB00472F65 /* Info.plist */ = {isa = PBXFileReference; lastKnownFileType = text.plist.xml; path = Info.plist; sourceTree = "<group>"; };
/* End PBXFileReference section */

/* Begin PBXFrameworksBuildPhase section */
		5EDB38F1252206BE00472F65 /* Frameworks */ = {
			isa = PBXFrameworksBuildPhase;
			buildActionMask = 2147483647;
			files = (
			);
			runOnlyForDeploymentPostprocessing = 0;
		};
		5EDB3907252206CB00472F65 /* Frameworks */ = {
			isa = PBXFrameworksBuildPhase;
			buildActionMask = 2147483647;
			files = (
			);
			runOnlyForDeploymentPostprocessing = 0;
		};
		5EDB3912252206CB00472F65 /* Frameworks */ = {
			isa = PBXFrameworksBuildPhase;
			buildActionMask = 2147483647;
			files = (
			);
			runOnlyForDeploymentPostprocessing = 0;
		};
/* End PBXFrameworksBuildPhase section */

/* Begin PBXGroup section */
		5E56D56525223D7E0052E75E /* Model */ = {
			isa = PBXGroup;
			children = (
				5E56D582252252DE0052E75E /* UserDataModel.swift */,
			);
			path = Model;
			sourceTree = "<group>";
		};
		5E56D56625223D880052E75E /* ViewModel */ = {
			isa = PBXGroup;
			children = (
				5E56D587252252F00052E75E /* UserViewModel.swift */,
				5E7F52C32523B99D0011126D /* UserDetailViewModel.swift */,
			);
			path = ViewModel;
			sourceTree = "<group>";
		};
		5E56D56725223D950052E75E /* View */ = {
			isa = PBXGroup;
			children = (
				5E56D59C252281390052E75E /* UserDetailVC */,
				5E56D56F25224E840052E75E /* HomeVC */,
			);
			path = View;
			sourceTree = "<group>";
		};
		5E56D56825223D9C0052E75E /* Utilities */ = {
			isa = PBXGroup;
			children = (
				5E56D578252250020052E75E /* NetworkHelper.swift */,
				5E56D57D2522500D0052E75E /* Enum.swift */,
				5E56D58F252269220052E75E /* AppUtil.swift */,
				5E56D5942522722C0052E75E /* StarView.swift */,
				5E3A77A425237E4F00F16AC7 /* DynamicValue.swift */,
			);
			path = Utilities;
			sourceTree = "<group>";
		};
		5E56D56F25224E840052E75E /* HomeVC */ = {
			isa = PBXGroup;
			children = (
				5EDB38FB252206BE00472F65 /* HomeViewController.swift */,
				5E56D57025224EAD0052E75E /* UserInfoTableViewCell.swift */,
			);
			path = HomeVC;
			sourceTree = "<group>";
		};
		5E56D59C252281390052E75E /* UserDetailVC */ = {
			isa = PBXGroup;
			children = (
				5E56D59D252281540052E75E /* UserDetailViewController.swift */,
			);
			path = UserDetailVC;
			sourceTree = "<group>";
		};
		5E7F52BA2523B9070011126D /* DataSource */ = {
			isa = PBXGroup;
			children = (
				5E7F52BB2523B9570011126D /* UserDataSource.swift */,
			);
			path = DataSource;
			sourceTree = "<group>";
		};
		5E7F52CB2523C8AF0011126D /* Extension */ = {
			isa = PBXGroup;
			children = (
				5E7F52CC2523C8CD0011126D /* UIView+.swift */,
			);
			path = Extension;
			sourceTree = "<group>";
		};
		5EDB38EB252206BD00472F65 = {
			isa = PBXGroup;
			children = (
				5EDB38F6252206BE00472F65 /* ShaadiDemoApp */,
				5EDB390D252206CB00472F65 /* ShaadiDemoAppTests */,
				5EDB3918252206CB00472F65 /* ShaadiDemoAppUITests */,
				5EDB38F5252206BE00472F65 /* Products */,
			);
			sourceTree = "<group>";
		};
		5EDB38F5252206BE00472F65 /* Products */ = {
			isa = PBXGroup;
			children = (
				5EDB38F4252206BE00472F65 /* ShaadiDemoApp.app */,
				5EDB390A252206CB00472F65 /* ShaadiDemoAppTests.xctest */,
				5EDB3915252206CB00472F65 /* ShaadiDemoAppUITests.xctest */,
			);
			name = Products;
			sourceTree = "<group>";
		};
		5EDB38F6252206BE00472F65 /* ShaadiDemoApp */ = {
			isa = PBXGroup;
			children = (
				5E7F52CB2523C8AF0011126D /* Extension */,
				5E7F52BA2523B9070011126D /* DataSource */,
				5E56D56825223D9C0052E75E /* Utilities */,
				5E56D56525223D7E0052E75E /* Model */,
				5E56D56625223D880052E75E /* ViewModel */,
				5E56D56725223D950052E75E /* View */,
				5EDB38F7252206BE00472F65 /* AppDelegate.swift */,
				5EDB38F9252206BE00472F65 /* SceneDelegate.swift */,
				5EDB3900252206CA00472F65 /* Assets.xcassets */,
				5EDB3902252206CA00472F65 /* LaunchScreen.storyboard */,
				5EDB3905252206CA00472F65 /* Info.plist */,
			);
			path = ShaadiDemoApp;
			sourceTree = "<group>";
		};
		5EDB390D252206CB00472F65 /* ShaadiDemoAppTests */ = {
			isa = PBXGroup;
			children = (
				5EDB3910252206CB00472F65 /* Info.plist */,
				5EDB390E252206CB00472F65 /* ShaadiDemoAppTests.swift */,
			);
			path = ShaadiDemoAppTests;
			sourceTree = "<group>";
		};
		5EDB3918252206CB00472F65 /* ShaadiDemoAppUITests */ = {
			isa = PBXGroup;
			children = (
				5EDB3919252206CB00472F65 /* ShaadiDemoAppUITests.swift */,
				5EDB391B252206CB00472F65 /* Info.plist */,
			);
			path = ShaadiDemoAppUITests;
			sourceTree = "<group>";
		};
/* End PBXGroup section */

/* Begin PBXNativeTarget section */
		5EDB38F3252206BE00472F65 /* ShaadiDemoApp */ = {
			isa = PBXNativeTarget;
			buildConfigurationList = 5EDB391E252206CB00472F65 /* Build configuration list for PBXNativeTarget "ShaadiDemoApp" */;
			buildPhases = (
				5EDB38F0252206BE00472F65 /* Sources */,
				5EDB38F1252206BE00472F65 /* Frameworks */,
				5EDB38F2252206BE00472F65 /* Resources */,
			);
			buildRules = (
			);
			dependencies = (
			);
			name = ShaadiDemoApp;
			productName = ShaadiDemoApp;
			productReference = 5EDB38F4252206BE00472F65 /* ShaadiDemoApp.app */;
			productType = "com.apple.product-type.application";
		};
		5EDB3909252206CB00472F65 /* ShaadiDemoAppTests */ = {
			isa = PBXNativeTarget;
			buildConfigurationList = 5EDB3921252206CB00472F65 /* Build configuration list for PBXNativeTarget "ShaadiDemoAppTests" */;
			buildPhases = (
				5EDB3906252206CB00472F65 /* Sources */,
				5EDB3907252206CB00472F65 /* Frameworks */,
				5EDB3908252206CB00472F65 /* Resources */,
			);
			buildRules = (
			);
			dependencies = (
				5EDB390C252206CB00472F65 /* PBXTargetDependency */,
			);
			name = ShaadiDemoAppTests;
			productName = ShaadiDemoAppTests;
			productReference = 5EDB390A252206CB00472F65 /* ShaadiDemoAppTests.xctest */;
			productType = "com.apple.product-type.bundle.unit-test";
		};
		5EDB3914252206CB00472F65 /* ShaadiDemoAppUITests */ = {
			isa = PBXNativeTarget;
			buildConfigurationList = 5EDB3924252206CB00472F65 /* Build configuration list for PBXNativeTarget "ShaadiDemoAppUITests" */;
			buildPhases = (
				5EDB3911252206CB00472F65 /* Sources */,
				5EDB3912252206CB00472F65 /* Frameworks */,
				5EDB3913252206CB00472F65 /* Resources */,
			);
			buildRules = (
			);
			dependencies = (
				5EDB3917252206CB00472F65 /* PBXTargetDependency */,
			);
			name = ShaadiDemoAppUITests;
			productName = ShaadiDemoAppUITests;
			productReference = 5EDB3915252206CB00472F65 /* ShaadiDemoAppUITests.xctest */;
			productType = "com.apple.product-type.bundle.ui-testing";
		};
/* End PBXNativeTarget section */

/* Begin PBXProject section */
		5EDB38EC252206BD00472F65 /* Project object */ = {
			isa = PBXProject;
			attributes = {
				LastSwiftUpdateCheck = 1200;
				LastUpgradeCheck = 1200;
				TargetAttributes = {
					5EDB38F3252206BE00472F65 = {
						CreatedOnToolsVersion = 12.0;
					};
					5EDB3909252206CB00472F65 = {
						CreatedOnToolsVersion = 12.0;
						TestTargetID = 5EDB38F3252206BE00472F65;
					};
					5EDB3914252206CB00472F65 = {
						CreatedOnToolsVersion = 12.0;
						TestTargetID = 5EDB38F3252206BE00472F65;
					};
				};
			};
			buildConfigurationList = 5EDB38EF252206BD00472F65 /* Build configuration list for PBXProject "ShaadiDemoApp" */;
			compatibilityVersion = "Xcode 9.3";
			developmentRegion = en;
			hasScannedForEncodings = 0;
			knownRegions = (
				en,
				Base,
			);
			mainGroup = 5EDB38EB252206BD00472F65;
			productRefGroup = 5EDB38F5252206BE00472F65 /* Products */;
			projectDirPath = "";
			projectRoot = "";
			targets = (
				5EDB38F3252206BE00472F65 /* ShaadiDemoApp */,
				5EDB3909252206CB00472F65 /* ShaadiDemoAppTests */,
				5EDB3914252206CB00472F65 /* ShaadiDemoAppUITests */,
			);
		};
/* End PBXProject section */

/* Begin PBXResourcesBuildPhase section */
		5EDB38F2252206BE00472F65 /* Resources */ = {
			isa = PBXResourcesBuildPhase;
			buildActionMask = 2147483647;
			files = (
				5EDB3904252206CA00472F65 /* LaunchScreen.storyboard in Resources */,
				5EDB3901252206CA00472F65 /* Assets.xcassets in Resources */,
			);
			runOnlyForDeploymentPostprocessing = 0;
		};
		5EDB3908252206CB00472F65 /* Resources */ = {
			isa = PBXResourcesBuildPhase;
			buildActionMask = 2147483647;
			files = (
			);
			runOnlyForDeploymentPostprocessing = 0;
		};
		5EDB3913252206CB00472F65 /* Resources */ = {
			isa = PBXResourcesBuildPhase;
			buildActionMask = 2147483647;
			files = (
			);
			runOnlyForDeploymentPostprocessing = 0;
		};
/* End PBXResourcesBuildPhase section */

/* Begin PBXSourcesBuildPhase section */
		5EDB38F0252206BE00472F65 /* Sources */ = {
			isa = PBXSourcesBuildPhase;
			buildActionMask = 2147483647;
			files = (
				5E56D57125224EAD0052E75E /* UserInfoTableViewCell.swift in Sources */,
				5E56D588252252F00052E75E /* UserViewModel.swift in Sources */,
				5E7F52C42523B99D0011126D /* UserDetailViewModel.swift in Sources */,
				5EDB38FC252206BE00472F65 /* HomeViewController.swift in Sources */,
				5E56D583252252DE0052E75E /* UserDataModel.swift in Sources */,
				5E56D57E2522500D0052E75E /* Enum.swift in Sources */,
				5E56D579252250020052E75E /* NetworkHelper.swift in Sources */,
				5E56D590252269220052E75E /* AppUtil.swift in Sources */,
				5E3A77A525237E4F00F16AC7 /* DynamicValue.swift in Sources */,
				5E7F52CD2523C8CD0011126D /* UIView+.swift in Sources */,
				5EDB38F8252206BE00472F65 /* AppDelegate.swift in Sources */,
				5E56D5952522722C0052E75E /* StarView.swift in Sources */,
				5E7F52BC2523B9570011126D /* UserDataSource.swift in Sources */,
				5EDB38FA252206BE00472F65 /* SceneDelegate.swift in Sources */,
				5E56D59E252281540052E75E /* UserDetailViewController.swift in Sources */,
			);
			runOnlyForDeploymentPostprocessing = 0;
		};
		5EDB3906252206CB00472F65 /* Sources */ = {
			isa = PBXSourcesBuildPhase;
			buildActionMask = 2147483647;
			files = (
				5EDB390F252206CB00472F65 /* ShaadiDemoAppTests.swift in Sources */,
			);
			runOnlyForDeploymentPostprocessing = 0;
		};
		5EDB3911252206CB00472F65 /* Sources */ = {
			isa = PBXSourcesBuildPhase;
			buildActionMask = 2147483647;
			files = (
				5EDB391A252206CB00472F65 /* ShaadiDemoAppUITests.swift in Sources */,
			);
			runOnlyForDeploymentPostprocessing = 0;
		};
/* End PBXSourcesBuildPhase section */

/* Begin PBXTargetDependency section */
		5EDB390C252206CB00472F65 /* PBXTargetDependency */ = {
			isa = PBXTargetDependency;
			target = 5EDB38F3252206BE00472F65 /* ShaadiDemoApp */;
			targetProxy = 5EDB390B252206CB00472F65 /* PBXContainerItemProxy */;
		};
		5EDB3917252206CB00472F65 /* PBXTargetDependency */ = {
			isa = PBXTargetDependency;
			target = 5EDB38F3252206BE00472F65 /* ShaadiDemoApp */;
			targetProxy = 5EDB3916252206CB00472F65 /* PBXContainerItemProxy */;
		};
/* End PBXTargetDependency section */

/* Begin PBXVariantGroup section */
		5EDB3902252206CA00472F65 /* LaunchScreen.storyboard */ = {
			isa = PBXVariantGroup;
			children = (
				5EDB3903252206CA00472F65 /* Base */,
			);
			name = LaunchScreen.storyboard;
			sourceTree = "<group>";
		};
/* End PBXVariantGroup section */

/* Begin XCBuildConfiguration section */
		5EDB391C252206CB00472F65 /* Debug */ = {
			isa = XCBuildConfiguration;
			buildSettings = {
				ALWAYS_SEARCH_USER_PATHS = NO;
				CLANG_ANALYZER_NONNULL = YES;
				CLANG_ANALYZER_NUMBER_OBJECT_CONVERSION = YES_AGGRESSIVE;
				CLANG_CXX_LANGUAGE_STANDARD = "gnu++14";
				CLANG_CXX_LIBRARY = "libc++";
				CLANG_ENABLE_MODULES = YES;
				CLANG_ENABLE_OBJC_ARC = YES;
				CLANG_ENABLE_OBJC_WEAK = YES;
				CLANG_WARN_BLOCK_CAPTURE_AUTORELEASING = YES;
				CLANG_WARN_BOOL_CONVERSION = YES;
				CLANG_WARN_COMMA = YES;
				CLANG_WARN_CONSTANT_CONVERSION = YES;
				CLANG_WARN_DEPRECATED_OBJC_IMPLEMENTATIONS = YES;
				CLANG_WARN_DIRECT_OBJC_ISA_USAGE = YES_ERROR;
				CLANG_WARN_DOCUMENTATION_COMMENTS = YES;
				CLANG_WARN_EMPTY_BODY = YES;
				CLANG_WARN_ENUM_CONVERSION = YES;
				CLANG_WARN_INFINITE_RECURSION = YES;
				CLANG_WARN_INT_CONVERSION = YES;
				CLANG_WARN_NON_LITERAL_NULL_CONVERSION = YES;
				CLANG_WARN_OBJC_IMPLICIT_RETAIN_SELF = YES;
				CLANG_WARN_OBJC_LITERAL_CONVERSION = YES;
				CLANG_WARN_OBJC_ROOT_CLASS = YES_ERROR;
				CLANG_WARN_QUOTED_INCLUDE_IN_FRAMEWORK_HEADER = YES;
				CLANG_WARN_RANGE_LOOP_ANALYSIS = YES;
				CLANG_WARN_STRICT_PROTOTYPES = YES;
				CLANG_WARN_SUSPICIOUS_MOVE = YES;
				CLANG_WARN_UNGUARDED_AVAILABILITY = YES_AGGRESSIVE;
				CLANG_WARN_UNREACHABLE_CODE = YES;
				CLANG_WARN__DUPLICATE_METHOD_MATCH = YES;
				COPY_PHASE_STRIP = NO;
				DEBUG_INFORMATION_FORMAT = dwarf;
				ENABLE_STRICT_OBJC_MSGSEND = YES;
				ENABLE_TESTABILITY = YES;
				GCC_C_LANGUAGE_STANDARD = gnu11;
				GCC_DYNAMIC_NO_PIC = NO;
				GCC_NO_COMMON_BLOCKS = YES;
				GCC_OPTIMIZATION_LEVEL = 0;
				GCC_PREPROCESSOR_DEFINITIONS = (
					"DEBUG=1",
					"$(inherited)",
				);
				GCC_WARN_64_TO_32_BIT_CONVERSION = YES;
				GCC_WARN_ABOUT_RETURN_TYPE = YES_ERROR;
				GCC_WARN_UNDECLARED_SELECTOR = YES;
				GCC_WARN_UNINITIALIZED_AUTOS = YES_AGGRESSIVE;
				GCC_WARN_UNUSED_FUNCTION = YES;
				GCC_WARN_UNUSED_VARIABLE = YES;
				IPHONEOS_DEPLOYMENT_TARGET = 14.0;
				MTL_ENABLE_DEBUG_INFO = INCLUDE_SOURCE;
				MTL_FAST_MATH = YES;
				ONLY_ACTIVE_ARCH = YES;
				SDKROOT = iphoneos;
				SWIFT_ACTIVE_COMPILATION_CONDITIONS = DEBUG;
				SWIFT_OPTIMIZATION_LEVEL = "-Onone";
			};
			name = Debug;
		};
		5EDB391D252206CB00472F65 /* Release */ = {
			isa = XCBuildConfiguration;
			buildSettings = {
				ALWAYS_SEARCH_USER_PATHS = NO;
				CLANG_ANALYZER_NONNULL = YES;
				CLANG_ANALYZER_NUMBER_OBJECT_CONVERSION = YES_AGGRESSIVE;
				CLANG_CXX_LANGUAGE_STANDARD = "gnu++14";
				CLANG_CXX_LIBRARY = "libc++";
				CLANG_ENABLE_MODULES = YES;
				CLANG_ENABLE_OBJC_ARC = YES;
				CLANG_ENABLE_OBJC_WEAK = YES;
				CLANG_WARN_BLOCK_CAPTURE_AUTORELEASING = YES;
				CLANG_WARN_BOOL_CONVERSION = YES;
				CLANG_WARN_COMMA = YES;
				CLANG_WARN_CONSTANT_CONVERSION = YES;
				CLANG_WARN_DEPRECATED_OBJC_IMPLEMENTATIONS = YES;
				CLANG_WARN_DIRECT_OBJC_ISA_USAGE = YES_ERROR;
				CLANG_WARN_DOCUMENTATION_COMMENTS = YES;
				CLANG_WARN_EMPTY_BODY = YES;
				CLANG_WARN_ENUM_CONVERSION = YES;
				CLANG_WARN_INFINITE_RECURSION = YES;
				CLANG_WARN_INT_CONVERSION = YES;
				CLANG_WARN_NON_LITERAL_NULL_CONVERSION = YES;
				CLANG_WARN_OBJC_IMPLICIT_RETAIN_SELF = YES;
				CLANG_WARN_OBJC_LITERAL_CONVERSION = YES;
				CLANG_WARN_OBJC_ROOT_CLASS = YES_ERROR;
				CLANG_WARN_QUOTED_INCLUDE_IN_FRAMEWORK_HEADER = YES;
				CLANG_WARN_RANGE_LOOP_ANALYSIS = YES;
				CLANG_WARN_STRICT_PROTOTYPES = YES;
				CLANG_WARN_SUSPICIOUS_MOVE = YES;
				CLANG_WARN_UNGUARDED_AVAILABILITY = YES_AGGRESSIVE;
				CLANG_WARN_UNREACHABLE_CODE = YES;
				CLANG_WARN__DUPLICATE_METHOD_MATCH = YES;
				COPY_PHASE_STRIP = NO;
				DEBUG_INFORMATION_FORMAT = "dwarf-with-dsym";
				ENABLE_NS_ASSERTIONS = NO;
				ENABLE_STRICT_OBJC_MSGSEND = YES;
				GCC_C_LANGUAGE_STANDARD = gnu11;
				GCC_NO_COMMON_BLOCKS = YES;
				GCC_WARN_64_TO_32_BIT_CONVERSION = YES;
				GCC_WARN_ABOUT_RETURN_TYPE = YES_ERROR;
				GCC_WARN_UNDECLARED_SELECTOR = YES;
				GCC_WARN_UNINITIALIZED_AUTOS = YES_AGGRESSIVE;
				GCC_WARN_UNUSED_FUNCTION = YES;
				GCC_WARN_UNUSED_VARIABLE = YES;
				IPHONEOS_DEPLOYMENT_TARGET = 14.0;
				MTL_ENABLE_DEBUG_INFO = NO;
				MTL_FAST_MATH = YES;
				SDKROOT = iphoneos;
				SWIFT_COMPILATION_MODE = wholemodule;
				SWIFT_OPTIMIZATION_LEVEL = "-O";
				VALIDATE_PRODUCT = YES;
			};
			name = Release;
		};
		5EDB391F252206CB00472F65 /* Debug */ = {
			isa = XCBuildConfiguration;
			buildSettings = {
				ASSETCATALOG_COMPILER_APPICON_NAME = AppIcon;
				ASSETCATALOG_COMPILER_GLOBAL_ACCENT_COLOR_NAME = AccentColor;
				CODE_SIGN_STYLE = Automatic;
				DEVELOPMENT_TEAM = RPY3KZZ23D;
				INFOPLIST_FILE = ShaadiDemoApp/Info.plist;
				LD_RUNPATH_SEARCH_PATHS = (
					"$(inherited)",
					"@executable_path/Frameworks",
				);
				PRODUCT_BUNDLE_IDENTIFIER = com.app.ShaadiDemoApp;
				PRODUCT_NAME = "$(TARGET_NAME)";
				SWIFT_VERSION = 5.0;
				TARGETED_DEVICE_FAMILY = "1,2";
			};
			name = Debug;
		};
		5EDB3920252206CB00472F65 /* Release */ = {
			isa = XCBuildConfiguration;
			buildSettings = {
				ASSETCATALOG_COMPILER_APPICON_NAME = AppIcon;
				ASSETCATALOG_COMPILER_GLOBAL_ACCENT_COLOR_NAME = AccentColor;
				CODE_SIGN_STYLE = Automatic;
				DEVELOPMENT_TEAM = RPY3KZZ23D;
				INFOPLIST_FILE = ShaadiDemoApp/Info.plist;
				LD_RUNPATH_SEARCH_PATHS = (
					"$(inherited)",
					"@executable_path/Frameworks",
				);
				PRODUCT_BUNDLE_IDENTIFIER = com.app.ShaadiDemoApp;
				PRODUCT_NAME = "$(TARGET_NAME)";
				SWIFT_VERSION = 5.0;
				TARGETED_DEVICE_FAMILY = "1,2";
			};
			name = Release;
		};
		5EDB3922252206CB00472F65 /* Debug */ = {
			isa = XCBuildConfiguration;
			buildSettings = {
				ALWAYS_EMBED_SWIFT_STANDARD_LIBRARIES = YES;
				BUNDLE_LOADER = "$(TEST_HOST)";
				CODE_SIGN_STYLE = Automatic;
				DEVELOPMENT_TEAM = RPY3KZZ23D;
				INFOPLIST_FILE = ShaadiDemoAppTests/Info.plist;
				IPHONEOS_DEPLOYMENT_TARGET = 14.0;
				LD_RUNPATH_SEARCH_PATHS = (
					"$(inherited)",
					"@executable_path/Frameworks",
					"@loader_path/Frameworks",
				);
				PRODUCT_BUNDLE_IDENTIFIER = com.app.ShaadiDemoAppTests;
				PRODUCT_NAME = "$(TARGET_NAME)";
				SWIFT_VERSION = 5.0;
				TARGETED_DEVICE_FAMILY = "1,2";
				TEST_HOST = "$(BUILT_PRODUCTS_DIR)/ShaadiDemoApp.app/ShaadiDemoApp";
			};
			name = Debug;
		};
		5EDB3923252206CB00472F65 /* Release */ = {
			isa = XCBuildConfiguration;
			buildSettings = {
				ALWAYS_EMBED_SWIFT_STANDARD_LIBRARIES = YES;
				BUNDLE_LOADER = "$(TEST_HOST)";
				CODE_SIGN_STYLE = Automatic;
				DEVELOPMENT_TEAM = RPY3KZZ23D;
				INFOPLIST_FILE = ShaadiDemoAppTests/Info.plist;
				IPHONEOS_DEPLOYMENT_TARGET = 14.0;
				LD_RUNPATH_SEARCH_PATHS = (
					"$(inherited)",
					"@executable_path/Frameworks",
					"@loader_path/Frameworks",
				);
				PRODUCT_BUNDLE_IDENTIFIER = com.app.ShaadiDemoAppTests;
				PRODUCT_NAME = "$(TARGET_NAME)";
				SWIFT_VERSION = 5.0;
				TARGETED_DEVICE_FAMILY = "1,2";
				TEST_HOST = "$(BUILT_PRODUCTS_DIR)/ShaadiDemoApp.app/ShaadiDemoApp";
			};
			name = Release;
		};
		5EDB3925252206CB00472F65 /* Debug */ = {
			isa = XCBuildConfiguration;
			buildSettings = {
				ALWAYS_EMBED_SWIFT_STANDARD_LIBRARIES = YES;
				CODE_SIGN_STYLE = Automatic;
				DEVELOPMENT_TEAM = RPY3KZZ23D;
				INFOPLIST_FILE = ShaadiDemoAppUITests/Info.plist;
				LD_RUNPATH_SEARCH_PATHS = (
					"$(inherited)",
					"@executable_path/Frameworks",
					"@loader_path/Frameworks",
				);
				PRODUCT_BUNDLE_IDENTIFIER = com.app.ShaadiDemoAppUITests;
				PRODUCT_NAME = "$(TARGET_NAME)";
				SWIFT_VERSION = 5.0;
				TARGETED_DEVICE_FAMILY = "1,2";
				TEST_TARGET_NAME = ShaadiDemoApp;
			};
			name = Debug;
		};
		5EDB3926252206CB00472F65 /* Release */ = {
			isa = XCBuildConfiguration;
			buildSettings = {
				ALWAYS_EMBED_SWIFT_STANDARD_LIBRARIES = YES;
				CODE_SIGN_STYLE = Automatic;
				DEVELOPMENT_TEAM = RPY3KZZ23D;
				INFOPLIST_FILE = ShaadiDemoAppUITests/Info.plist;
				LD_RUNPATH_SEARCH_PATHS = (
					"$(inherited)",
					"@executable_path/Frameworks",
					"@loader_path/Frameworks",
				);
				PRODUCT_BUNDLE_IDENTIFIER = com.app.ShaadiDemoAppUITests;
				PRODUCT_NAME = "$(TARGET_NAME)";
				SWIFT_VERSION = 5.0;
				TARGETED_DEVICE_FAMILY = "1,2";
				TEST_TARGET_NAME = ShaadiDemoApp;
			};
			name = Release;
		};
/* End XCBuildConfiguration section */

/* Begin XCConfigurationList section */
		5EDB38EF252206BD00472F65 /* Build configuration list for PBXProject "ShaadiDemoApp" */ = {
			isa = XCConfigurationList;
			buildConfigurations = (
				5EDB391C252206CB00472F65 /* Debug */,
				5EDB391D252206CB00472F65 /* Release */,
			);
			defaultConfigurationIsVisible = 0;
			defaultConfigurationName = Release;
		};
		5EDB391E252206CB00472F65 /* Build configuration list for PBXNativeTarget "ShaadiDemoApp" */ = {
			isa = XCConfigurationList;
			buildConfigurations = (
				5EDB391F252206CB00472F65 /* Debug */,
				5EDB3920252206CB00472F65 /* Release */,
			);
			defaultConfigurationIsVisible = 0;
			defaultConfigurationName = Release;
		};
		5EDB3921252206CB00472F65 /* Build configuration list for PBXNativeTarget "ShaadiDemoAppTests" */ = {
			isa = XCConfigurationList;
			buildConfigurations = (
				5EDB3922252206CB00472F65 /* Debug */,
				5EDB3923252206CB00472F65 /* Release */,
			);
			defaultConfigurationIsVisible = 0;
			defaultConfigurationName = Release;
		};
		5EDB3924252206CB00472F65 /* Build configuration list for PBXNativeTarget "ShaadiDemoAppUITests" */ = {
			isa = XCConfigurationList;
			buildConfigurations = (
				5EDB3925252206CB00472F65 /* Debug */,
				5EDB3926252206CB00472F65 /* Release */,
			);
			defaultConfigurationIsVisible = 0;
			defaultConfigurationName = Release;
		};
/* End XCConfigurationList section */
	};
	rootObject = 5EDB38EC252206BD00472F65 /* Project object */;
}
